dependencies:
- name: common
  repository: https://charts.bitnami.com/bitnami
  version: 2.22.0
- name: nginx
  repository: https://charts.bitnami.com/bitnami
  version: 13.2.34
- name: mariadb
  repository: https://charts.bitnami.com/bitnami
  version: 11.4.7
- name: redis
  repository: https://charts.bitnami.com/bitnami
  version: 16.13.2
digest: sha256:dfd7c0356535572157f19f4372b67ebe9d95194bfa76730cae48d1afa5f94413
generated: "2024-08-15T06:16:11.983408087Z"
